
Microsoft Visual Studio Solution File, Format Version 12.00
# Visual Studio Version 16
VisualStudioVersion = 16.0.30517.126
MinimumVisualStudioVersion = 10.0.40219.1
Project("{FAE04EC0-301F-11D3-BF4B-00C04F79EFBC}") = "DI_With_Inherited_Interface", "DI_With_Inherited_Interface.csproj", "{01C492A8-45B1-4944-9129-8662D15DEC5D}"
EndProject
Global
	GlobalSection(SolutionConfigurationPlatforms) = preSolution
		Debug|Any CPU = Debug|Any CPU
		Release|Any CPU = Release|Any CPU
	EndGlobalSection
	GlobalSection(ProjectConfigurationPlatforms) = postSolution
		{01C492A8-45B1-4944-9129-8662D15DEC5D}.Debug|Any CPU.ActiveCfg = Debug|Any CPU
		{01C492A8-45B1-4944-9129-8662D15DEC5D}.Debug|Any CPU.Build.0 = Debug|Any CPU
		{01C492A8-45B1-4944-9129-8662D15DEC5D}.Release|Any CPU.ActiveCfg = Release|Any CPU
		{01C492A8-45B1-4944-9129-8662D15DEC5D}.Release|Any CPU.Build.0 = Release|Any CPU
	EndGlobalSection
	GlobalSection(SolutionProperties) = preSolution
		HideSolutionNode = FALSE
	EndGlobalSection
	GlobalSection(ExtensibilityGlobals) = postSolution
		SolutionGuid = {182114CA-27DC-4549-A413-5714F4A11B25}
	EndGlobalSection
EndGlobal
